
Microsoft Visual Studio Solution File, Format Version 12.00
# Visual Studio Version 16
VisualStudioVersion = 16.0.30503.244
MinimumVisualStudioVersion = 10.0.40219.1
Project("{FAE04EC0-301F-11D3-BF4B-00C04F79EFBC}") = "TH05", "TH05\TH05.csproj", "{0A2F6007-57F5-44C1-8CFA-06F3118458FF}"
EndProject
Global
	GlobalSection(SolutionConfigurationPlatforms) = preSolution
		Debug|Any CPU = Debug|Any CPU
		Release|Any CPU = Release|Any CPU
	EndGlobalSection
	GlobalSection(ProjectConfigurationPlatforms) = postSolution
		{0A2F6007-57F5-44C1-8CFA-06F3118458FF}.Debug|Any CPU.ActiveCfg = Debug|Any CPU
		{0A2F6007-57F5-44C1-8CFA-06F3118458FF}.Debug|Any CPU.Build.0 = Debug|Any CPU
		{0A2F6007-57F5-44C1-8CFA-06F3118458FF}.Release|Any CPU.ActiveCfg = Release|Any CPU
		{0A2F6007-57F5-44C1-8CFA-06F3118458FF}.Release|Any CPU.Build.0 = Release|Any CPU
	EndGlobalSection
	GlobalSection(SolutionProperties) = preSolution
		HideSolutionNode = FALSE
	EndGlobalSection
	GlobalSection(ExtensibilityGlobals) = postSolution
		SolutionGuid = {DA706CD6-8EBC-488A-8590-98745F8E419E}
	EndGlobalSection
EndGlobal
